
Microsoft Visual Studio Solution File, Format Version 12.00
# Visual Studio Version 16
VisualStudioVersion = 16.0.31702.278
MinimumVisualStudioVersion = 10.0.40219.1
Project("{FAE04EC0-301F-11D3-BF4B-00C04F79EFBC}") = "SmartHR.DataApi", "SmartHR.DataApi\SmartHR.DataApi.csproj", "{324955EE-F874-49AB-9806-A9CC2CE875FA}"
EndProject
Project("{FAE04EC0-301F-11D3-BF4B-00C04F79EFBC}") = "SmartHR.Client", "SmartHR.Client\SmartHR.Client.csproj", "{76C22927-8287-4D70-8105-A4C1D98E0A48}"
EndProject
Global
	GlobalSection(SolutionConfigurationPlatforms) = preSolution
		Debug|Any CPU = Debug|Any CPU
		Release|Any CPU = Release|Any CPU
	EndGlobalSection
	GlobalSection(ProjectConfigurationPlatforms) = postSolution
		{324955EE-F874-49AB-9806-A9CC2CE875FA}.Debug|Any CPU.ActiveCfg = Debug|Any CPU
		{324955EE-F874-49AB-9806-A9CC2CE875FA}.Debug|Any CPU.Build.0 = Debug|Any CPU
		{324955EE-F874-49AB-9806-A9CC2CE875FA}.Release|Any CPU.ActiveCfg = Release|Any CPU
		{324955EE-F874-49AB-9806-A9CC2CE875FA}.Release|Any CPU.Build.0 = Release|Any CPU
		{76C22927-8287-4D70-8105-A4C1D98E0A48}.Debug|Any CPU.ActiveCfg = Debug|Any CPU
		{76C22927-8287-4D70-8105-A4C1D98E0A48}.Debug|Any CPU.Build.0 = Debug|Any CPU
		{76C22927-8287-4D70-8105-A4C1D98E0A48}.Release|Any CPU.ActiveCfg = Release|Any CPU
		{76C22927-8287-4D70-8105-A4C1D98E0A48}.Release|Any CPU.Build.0 = Release|Any CPU
	EndGlobalSection
	GlobalSection(SolutionProperties) = preSolution
		HideSolutionNode = FALSE
	EndGlobalSection
	GlobalSection(ExtensibilityGlobals) = postSolution
		SolutionGuid = {2E30F278-4CBF-4268-9C21-CCF335609430}
	EndGlobalSection
EndGlobal
